// !$*UTF8*$!
{
	archiveVersion = 1;
	classes = {
	};
	objectVersion = 56;
	objects = {

/* Begin PBXBuildFile section */
		C92E57DA2BEBA7EE00EEFC43 /* NetworkingManager.swift in Sources */ = {isa = PBXBuildFile; fileRef = C92E57D92BEBA7EE00EEFC43 /* NetworkingManager.swift */; };
		C94CE5A12AD0A8AC00C460B5 /* Color.swift in Sources */ = {isa = PBXBuildFile; fileRef = C94CE5A02AD0A8AC00C460B5 /* Color.swift */; };
		C94CE5A92AD0AFA100C460B5 /* HomeView.swift in Sources */ = {isa = PBXBuildFile; fileRef = C94CE5A82AD0AFA100C460B5 /* HomeView.swift */; };
		C94CE5AC2AD0B20600C460B5 /* CircleButton.swift in Sources */ = {isa = PBXBuildFile; fileRef = C94CE5AB2AD0B20600C460B5 /* CircleButton.swift */; };
		C94CE5AF2AD0B78500C460B5 /* CircleButtonAnimation.swift in Sources */ = {isa = PBXBuildFile; fileRef = C94CE5AE2AD0B78500C460B5 /* CircleButtonAnimation.swift */; };
		C94CE5B42AD1A0F500C460B5 /* CoinModel.swift in Sources */ = {isa = PBXBuildFile; fileRef = C94CE5B32AD1A0F500C460B5 /* CoinModel.swift */; };
		C94CE5B62AD1C18900C460B5 /* CoinRowView.swift in Sources */ = {isa = PBXBuildFile; fileRef = C94CE5B52AD1C18900C460B5 /* CoinRowView.swift */; };
		C94CE5B82AD1C23400C460B5 /* PreviewProvider.swift in Sources */ = {isa = PBXBuildFile; fileRef = C94CE5B72AD1C23400C460B5 /* PreviewProvider.swift */; };
		C94CE5BA2AD1C5F500C460B5 /* Double.swift in Sources */ = {isa = PBXBuildFile; fileRef = C94CE5B92AD1C5F500C460B5 /* Double.swift */; };
		C95663DE2BE5558A004BE610 /* Assets.xcassets in Resources */ = {isa = PBXBuildFile; fileRef = C95663DD2BE5558A004BE610 /* Assets.xcassets */; };
		C95663E12BE58452004BE610 /* CoinDataService.swift in Sources */ = {isa = PBXBuildFile; fileRef = C95663E02BE58452004BE610 /* CoinDataService.swift */; };
		C98B5AF82BFFA90C00085867 /* String.swift in Sources */ = {isa = PBXBuildFile; fileRef = C98B5AF72BFFA90C00085867 /* String.swift */; };
		C98B5AFA2BFFB60500085867 /* CoinDetailDataService.swift in Sources */ = {isa = PBXBuildFile; fileRef = C98B5AF92BFFB60500085867 /* CoinDetailDataService.swift */; };
		C98B5AFC2BFFB62700085867 /* CoinDetailModel.swift in Sources */ = {isa = PBXBuildFile; fileRef = C98B5AFB2BFFB62700085867 /* CoinDetailModel.swift */; };
		C9920EAC2AC31D0C006C5E1B /* crashcourseApp.swift in Sources */ = {isa = PBXBuildFile; fileRef = C9920EAB2AC31D0C006C5E1B /* crashcourseApp.swift */; };
		C9920EB32AC31D0E006C5E1B /* Preview Assets.xcassets in Resources */ = {isa = PBXBuildFile; fileRef = C9920EB22AC31D0E006C5E1B /* Preview Assets.xcassets */; };
		C9920EBD2AC31D0E006C5E1B /* crashcourseTests.swift in Sources */ = {isa = PBXBuildFile; fileRef = C9920EBC2AC31D0E006C5E1B /* crashcourseTests.swift */; };
		C9920EC72AC31D0E006C5E1B /* crashcourseUITests.swift in Sources */ = {isa = PBXBuildFile; fileRef = C9920EC62AC31D0E006C5E1B /* crashcourseUITests.swift */; };
		C9920EC92AC31D0E006C5E1B /* crashcourseUITestsLaunchTests.swift in Sources */ = {isa = PBXBuildFile; fileRef = C9920EC82AC31D0E006C5E1B /* crashcourseUITestsLaunchTests.swift */; };
		C9A360DE2B09526A0095359A /* HomeViewModel.swift in Sources */ = {isa = PBXBuildFile; fileRef = C9A360DD2B09526A0095359A /* HomeViewModel.swift */; };
		C9B02E962BFCA173001C7A33 /* SearchBarView.swift in Sources */ = {isa = PBXBuildFile; fileRef = C9B02E952BFCA173001C7A33 /* SearchBarView.swift */; };
		C9B976852BFE555D009DAC86 /* PortfolioContainer.xcdatamodeld in Sources */ = {isa = PBXBuildFile; fileRef = C9B976832BFE555D009DAC86 /* PortfolioContainer.xcdatamodeld */; };
		C9B976872BFE5604009DAC86 /* PortfolioDataService.swift in Sources */ = {isa = PBXBuildFile; fileRef = C9B976862BFE5604009DAC86 /* PortfolioDataService.swift */; };
		C9B976892BFF16E5009DAC86 /* HapticManager.swift in Sources */ = {isa = PBXBuildFile; fileRef = C9B976882BFF16E5009DAC86 /* HapticManager.swift */; };
		C9B9768E2BFF5DD6009DAC86 /* CoinDetailView.swift in Sources */ = {isa = PBXBuildFile; fileRef = C9B9768D2BFF5DD6009DAC86 /* CoinDetailView.swift */; };
		C9B976902BFF68CB009DAC86 /* CoinDetailViewModel.swift in Sources */ = {isa = PBXBuildFile; fileRef = C9B9768F2BFF68CB009DAC86 /* CoinDetailViewModel.swift */; };
		C9D450DD2C007CBC00E1ECB5 /* CoinLogoView.swift in Sources */ = {isa = PBXBuildFile; fileRef = C9D450DC2C007CBC00E1ECB5 /* CoinLogoView.swift */; };
		C9D450E02C00843400E1ECB5 /* SettingsView.swift in Sources */ = {isa = PBXBuildFile; fileRef = C9D450DF2C00843400E1ECB5 /* SettingsView.swift */; };
		C9E92C862BFCF8D80064D3E3 /* UIApplication.swift in Sources */ = {isa = PBXBuildFile; fileRef = C9E92C852BFCF8D80064D3E3 /* UIApplication.swift */; };
		C9E92C882BFD05DF0064D3E3 /* StatisticModel.swift in Sources */ = {isa = PBXBuildFile; fileRef = C9E92C872BFD05DF0064D3E3 /* StatisticModel.swift */; };
		C9E92C8A2BFD06A00064D3E3 /* StatisticView.swift in Sources */ = {isa = PBXBuildFile; fileRef = C9E92C892BFD06A00064D3E3 /* StatisticView.swift */; };
		C9E92C8E2BFD0A5D0064D3E3 /* HomeStatsView.swift in Sources */ = {isa = PBXBuildFile; fileRef = C9E92C8D2BFD0A5D0064D3E3 /* HomeStatsView.swift */; };
		C9E92C902BFD12660064D3E3 /* StatisticsService.swift in Sources */ = {isa = PBXBuildFile; fileRef = C9E92C8F2BFD12660064D3E3 /* StatisticsService.swift */; };
		C9E92C922BFD12C80064D3E3 /* QuoteModel.swift in Sources */ = {isa = PBXBuildFile; fileRef = C9E92C912BFD12C80064D3E3 /* QuoteModel.swift */; };
		C9ECA0502BFD33CC00F09BB6 /* PortfolioView.swift in Sources */ = {isa = PBXBuildFile; fileRef = C9ECA04F2BFD33CC00F09BB6 /* PortfolioView.swift */; };
		C9ECA0522BFD350E00F09BB6 /* CloseButton.swift in Sources */ = {isa = PBXBuildFile; fileRef = C9ECA0512BFD350E00F09BB6 /* CloseButton.swift */; };
/* End PBXBuildFile section */

/* Begin PBXContainerItemProxy section */
		C9920EB92AC31D0E006C5E1B /* PBXContainerItemProxy */ = {
			isa = PBXContainerItemProxy;
			containerPortal = C9920EA02AC31D0C006C5E1B /* Project object */;
			proxyType = 1;
			remoteGlobalIDString = C9920EA72AC31D0C006C5E1B;
			remoteInfo = crashcourse;
		};
		C9920EC32AC31D0E006C5E1B /* PBXContainerItemProxy */ = {
			isa = PBXContainerItemProxy;
			containerPortal = C9920EA02AC31D0C006C5E1B /* Project object */;
			proxyType = 1;
			remoteGlobalIDString = C9920EA72AC31D0C006C5E1B;
			remoteInfo = crashcourse;
		};
/* End PBXContainerItemProxy section */

/* Begin PBXFileReference section */
		C92E57D92BEBA7EE00EEFC43 /* NetworkingManager.swift */ = {isa = PBXFileReference; lastKnownFileType = sourcecode.swift; path = NetworkingManager.swift; sourceTree = "<group>"; };
		C94CE5A02AD0A8AC00C460B5 /* Color.swift */ = {isa = PBXFileReference; lastKnownFileType = sourcecode.swift; path = Color.swift; sourceTree = "<group>"; };
		C94CE5A82AD0AFA100C460B5 /* HomeView.swift */ = {isa = PBXFileReference; lastKnownFileType = sourcecode.swift; path = HomeView.swift; sourceTree = "<group>"; };
		C94CE5AB2AD0B20600C460B5 /* CircleButton.swift */ = {isa = PBXFileReference; lastKnownFileType = sourcecode.swift; path = CircleButton.swift; sourceTree = "<group>"; };
		C94CE5AE2AD0B78500C460B5 /* CircleButtonAnimation.swift */ = {isa = PBXFileReference; lastKnownFileType = sourcecode.swift; path = CircleButtonAnimation.swift; sourceTree = "<group>"; };
		C94CE5B32AD1A0F500C460B5 /* CoinModel.swift */ = {isa = PBXFileReference; lastKnownFileType = sourcecode.swift; path = CoinModel.swift; sourceTree = "<group>"; };
		C94CE5B52AD1C18900C460B5 /* CoinRowView.swift */ = {isa = PBXFileReference; lastKnownFileType = sourcecode.swift; path = CoinRowView.swift; sourceTree = "<group>"; };
		C94CE5B72AD1C23400C460B5 /* PreviewProvider.swift */ = {isa = PBXFileReference; lastKnownFileType = sourcecode.swift; path = PreviewProvider.swift; sourceTree = "<group>"; };
		C94CE5B92AD1C5F500C460B5 /* Double.swift */ = {isa = PBXFileReference; lastKnownFileType = sourcecode.swift; path = Double.swift; sourceTree = "<group>"; };
		C95663DD2BE5558A004BE610 /* Assets.xcassets */ = {isa = PBXFileReference; lastKnownFileType = folder.assetcatalog; path = Assets.xcassets; sourceTree = "<group>"; };
		C95663E02BE58452004BE610 /* CoinDataService.swift */ = {isa = PBXFileReference; lastKnownFileType = sourcecode.swift; path = CoinDataService.swift; sourceTree = "<group>"; };
		C98B5AF72BFFA90C00085867 /* String.swift */ = {isa = PBXFileReference; lastKnownFileType = sourcecode.swift; path = String.swift; sourceTree = "<group>"; };
		C98B5AF92BFFB60500085867 /* CoinDetailDataService.swift */ = {isa = PBXFileReference; lastKnownFileType = sourcecode.swift; path = CoinDetailDataService.swift; sourceTree = "<group>"; };
		C98B5AFB2BFFB62700085867 /* CoinDetailModel.swift */ = {isa = PBXFileReference; lastKnownFileType = sourcecode.swift; path = CoinDetailModel.swift; sourceTree = "<group>"; };
		C9920EA82AC31D0C006C5E1B /* crashcourse.app */ = {isa = PBXFileReference; explicitFileType = wrapper.application; includeInIndex = 0; path = crashcourse.app; sourceTree = BUILT_PRODUCTS_DIR; };
		C9920EAB2AC31D0C006C5E1B /* crashcourseApp.swift */ = {isa = PBXFileReference; lastKnownFileType = sourcecode.swift; path = crashcourseApp.swift; sourceTree = "<group>"; };
		C9920EB22AC31D0E006C5E1B /* Preview Assets.xcassets */ = {isa = PBXFileReference; lastKnownFileType = folder.assetcatalog; path = "Preview Assets.xcassets"; sourceTree = "<group>"; };
		C9920EB82AC31D0E006C5E1B /* crashcourseTests.xctest */ = {isa = PBXFileReference; explicitFileType = wrapper.cfbundle; includeInIndex = 0; path = crashcourseTests.xctest; sourceTree = BUILT_PRODUCTS_DIR; };
		C9920EBC2AC31D0E006C5E1B /* crashcourseTests.swift */ = {isa = PBXFileReference; lastKnownFileType = sourcecode.swift; path = crashcourseTests.swift; sourceTree = "<group>"; };
		C9920EC22AC31D0E006C5E1B /* crashcourseUITests.xctest */ = {isa = PBXFileReference; explicitFileType = wrapper.cfbundle; includeInIndex = 0; path = crashcourseUITests.xctest; sourceTree = BUILT_PRODUCTS_DIR; };
		C9920EC62AC31D0E006C5E1B /* crashcourseUITests.swift */ = {isa = PBXFileReference; lastKnownFileType = sourcecode.swift; path = crashcourseUITests.swift; sourceTree = "<group>"; };
		C9920EC82AC31D0E006C5E1B /* crashcourseUITestsLaunchTests.swift */ = {isa = PBXFileReference; lastKnownFileType = sourcecode.swift; path = crashcourseUITestsLaunchTests.swift; sourceTree = "<group>"; };
		C9A360DD2B09526A0095359A /* HomeViewModel.swift */ = {isa = PBXFileReference; lastKnownFileType = sourcecode.swift; path = HomeViewModel.swift; sourceTree = "<group>"; };
		C9B02E952BFCA173001C7A33 /* SearchBarView.swift */ = {isa = PBXFileReference; lastKnownFileType = sourcecode.swift; path = SearchBarView.swift; sourceTree = "<group>"; };
		C9B976842BFE555D009DAC86 /* PortfolioContainer.xcdatamodel */ = {isa = PBXFileReference; lastKnownFileType = wrapper.xcdatamodel; path = PortfolioContainer.xcdatamodel; sourceTree = "<group>"; };
		C9B976862BFE5604009DAC86 /* PortfolioDataService.swift */ = {isa = PBXFileReference; lastKnownFileType = sourcecode.swift; path = PortfolioDataService.swift; sourceTree = "<group>"; };
		C9B976882BFF16E5009DAC86 /* HapticManager.swift */ = {isa = PBXFileReference; lastKnownFileType = sourcecode.swift; path = HapticManager.swift; sourceTree = "<group>"; };
		C9B9768D2BFF5DD6009DAC86 /* CoinDetailView.swift */ = {isa = PBXFileReference; lastKnownFileType = sourcecode.swift; path = CoinDetailView.swift; sourceTree = "<group>"; };
		C9B9768F2BFF68CB009DAC86 /* CoinDetailViewModel.swift */ = {isa = PBXFileReference; lastKnownFileType = sourcecode.swift; path = CoinDetailViewModel.swift; sourceTree = "<group>"; };
		C9D450DC2C007CBC00E1ECB5 /* CoinLogoView.swift */ = {isa = PBXFileReference; lastKnownFileType = sourcecode.swift; path = CoinLogoView.swift; sourceTree = "<group>"; };
		C9D450DF2C00843400E1ECB5 /* SettingsView.swift */ = {isa = PBXFileReference; lastKnownFileType = sourcecode.swift; path = SettingsView.swift; sourceTree = "<group>"; };
		C9E92C852BFCF8D80064D3E3 /* UIApplication.swift */ = {isa = PBXFileReference; lastKnownFileType = sourcecode.swift; path = UIApplication.swift; sourceTree = "<group>"; };
		C9E92C872BFD05DF0064D3E3 /* StatisticModel.swift */ = {isa = PBXFileReference; lastKnownFileType = sourcecode.swift; path = StatisticModel.swift; sourceTree = "<group>"; };
		C9E92C892BFD06A00064D3E3 /* StatisticView.swift */ = {isa = PBXFileReference; lastKnownFileType = sourcecode.swift; path = StatisticView.swift; sourceTree = "<group>"; };
		C9E92C8D2BFD0A5D0064D3E3 /* HomeStatsView.swift */ = {isa = PBXFileReference; lastKnownFileType = sourcecode.swift; path = HomeStatsView.swift; sourceTree = "<group>"; };
		C9E92C8F2BFD12660064D3E3 /* StatisticsService.swift */ = {isa = PBXFileReference; lastKnownFileType = sourcecode.swift; path = StatisticsService.swift; sourceTree = "<group>"; };
		C9E92C912BFD12C80064D3E3 /* QuoteModel.swift */ = {isa = PBXFileReference; lastKnownFileType = sourcecode.swift; path = QuoteModel.swift; sourceTree = "<group>"; };
		C9ECA04F2BFD33CC00F09BB6 /* PortfolioView.swift */ = {isa = PBXFileReference; lastKnownFileType = sourcecode.swift; path = PortfolioView.swift; sourceTree = "<group>"; };
		C9ECA0512BFD350E00F09BB6 /* CloseButton.swift */ = {isa = PBXFileReference; lastKnownFileType = sourcecode.swift; path = CloseButton.swift; sourceTree = "<group>"; };
/* End PBXFileReference section */

/* Begin PBXFrameworksBuildPhase section */
		C9920EA52AC31D0C006C5E1B /* Frameworks */ = {
			isa = PBXFrameworksBuildPhase;
			buildActionMask = 2147483647;
			files = (
			);
			runOnlyForDeploymentPostprocessing = 0;
		};
		C9920EB52AC31D0E006C5E1B /* Frameworks */ = {
			isa = PBXFrameworksBuildPhase;
			buildActionMask = 2147483647;
			files = (
			);
			runOnlyForDeploymentPostprocessing = 0;
		};
		C9920EBF2AC31D0E006C5E1B /* Frameworks */ = {
			isa = PBXFrameworksBuildPhase;
			buildActionMask = 2147483647;
			files = (
			);
			runOnlyForDeploymentPostprocessing = 0;
		};
/* End PBXFrameworksBuildPhase section */

/* Begin PBXGroup section */
		C91E9D9A2BFDC91500EF0C84 /* Features */ = {
			isa = PBXGroup;
			children = (
				C9D450DE2C00842B00E1ECB5 /* Settings */,
				C9B9768A2BFF5D6E009DAC86 /* CoinDetail */,
				C94CE5A52AD0AF8600C460B5 /* Home */,
			);
			path = Features;
			sourceTree = "<group>";
		};
		C92E57D82BEB8EA800EEFC43 /* Utilities */ = {
			isa = PBXGroup;
			children = (
				C92E57D92BEBA7EE00EEFC43 /* NetworkingManager.swift */,
				C9B976882BFF16E5009DAC86 /* HapticManager.swift */,
			);
			path = Utilities;
			sourceTree = "<group>";
		};
		C94CE59F2AD0A89800C460B5 /* Extensions */ = {
			isa = PBXGroup;
			children = (
				C94CE5A02AD0A8AC00C460B5 /* Color.swift */,
				C94CE5B72AD1C23400C460B5 /* PreviewProvider.swift */,
				C94CE5B92AD1C5F500C460B5 /* Double.swift */,
				C9E92C852BFCF8D80064D3E3 /* UIApplication.swift */,
				C98B5AF72BFFA90C00085867 /* String.swift */,
			);
			path = Extensions;
			sourceTree = "<group>";
		};
		C94CE5A42AD0AF7B00C460B5 /* Core */ = {
			isa = PBXGroup;
			children = (
				C94CE5AA2AD0B1F000C460B5 /* Components */,
			);
			path = Core;
			sourceTree = "<group>";
		};
		C94CE5A52AD0AF8600C460B5 /* Home */ = {
			isa = PBXGroup;
			children = (
				C94CE5A72AD0AF9200C460B5 /* ViewModels */,
				C94CE5A62AD0AF8D00C460B5 /* Views */,
			);
			path = Home;
			sourceTree = "<group>";
		};
		C94CE5A62AD0AF8D00C460B5 /* Views */ = {
			isa = PBXGroup;
			children = (
				C94CE5A82AD0AFA100C460B5 /* HomeView.swift */,
				C94CE5B52AD1C18900C460B5 /* CoinRowView.swift */,
				C9E92C8D2BFD0A5D0064D3E3 /* HomeStatsView.swift */,
				C9ECA04F2BFD33CC00F09BB6 /* PortfolioView.swift */,
			);
			path = Views;
			sourceTree = "<group>";
		};
		C94CE5A72AD0AF9200C460B5 /* ViewModels */ = {
			isa = PBXGroup;
			children = (
				C9A360DD2B09526A0095359A /* HomeViewModel.swift */,
			);
			path = ViewModels;
			sourceTree = "<group>";
		};
		C94CE5AA2AD0B1F000C460B5 /* Components */ = {
			isa = PBXGroup;
			children = (
				C94CE5AD2AD0B76700C460B5 /* CircleButton */,
				C9B02E952BFCA173001C7A33 /* SearchBarView.swift */,
				C9E92C892BFD06A00064D3E3 /* StatisticView.swift */,
				C9ECA0512BFD350E00F09BB6 /* CloseButton.swift */,
				C9D450DC2C007CBC00E1ECB5 /* CoinLogoView.swift */,
			);
			path = Components;
			sourceTree = "<group>";
		};
		C94CE5AD2AD0B76700C460B5 /* CircleButton */ = {
			isa = PBXGroup;
			children = (
				C94CE5AB2AD0B20600C460B5 /* CircleButton.swift */,
				C94CE5AE2AD0B78500C460B5 /* CircleButtonAnimation.swift */,
			);
			path = CircleButton;
			sourceTree = "<group>";
		};
		C94CE5B02AD1A0C900C460B5 /* Models */ = {
			isa = PBXGroup;
			children = (
				C94CE5B32AD1A0F500C460B5 /* CoinModel.swift */,
				C9E92C872BFD05DF0064D3E3 /* StatisticModel.swift */,
				C9E92C912BFD12C80064D3E3 /* QuoteModel.swift */,
				C9B976832BFE555D009DAC86 /* PortfolioContainer.xcdatamodeld */,
				C98B5AFB2BFFB62700085867 /* CoinDetailModel.swift */,
			);
			path = Models;
			sourceTree = "<group>";
		};
		C95663DF2BE58429004BE610 /* Services */ = {
			isa = PBXGroup;
			children = (
				C95663E02BE58452004BE610 /* CoinDataService.swift */,
				C98B5AF92BFFB60500085867 /* CoinDetailDataService.swift */,
				C9E92C8F2BFD12660064D3E3 /* StatisticsService.swift */,
				C9B976862BFE5604009DAC86 /* PortfolioDataService.swift */,
			);
			path = Services;
			sourceTree = "<group>";
		};
		C9920E9F2AC31D0C006C5E1B = {
			isa = PBXGroup;
			children = (
				C95663DD2BE5558A004BE610 /* Assets.xcassets */,
				C9920EAA2AC31D0C006C5E1B /* crashcourse */,
				C9920EBB2AC31D0E006C5E1B /* crashcourseTests */,
				C9920EC52AC31D0E006C5E1B /* crashcourseUITests */,
				C9920EA92AC31D0C006C5E1B /* Products */,
			);
			sourceTree = "<group>";
		};
		C9920EA92AC31D0C006C5E1B /* Products */ = {
			isa = PBXGroup;
			children = (
				C9920EA82AC31D0C006C5E1B /* crashcourse.app */,
				C9920EB82AC31D0E006C5E1B /* crashcourseTests.xctest */,
				C9920EC22AC31D0E006C5E1B /* crashcourseUITests.xctest */,
			);
			name = Products;
			sourceTree = "<group>";
		};
		C9920EAA2AC31D0C006C5E1B /* crashcourse */ = {
			isa = PBXGroup;
			children = (
				C94CE5A42AD0AF7B00C460B5 /* Core */,
				C91E9D9A2BFDC91500EF0C84 /* Features */,
				C94CE59F2AD0A89800C460B5 /* Extensions */,
				C94CE5B02AD1A0C900C460B5 /* Models */,
				C95663DF2BE58429004BE610 /* Services */,
				C92E57D82BEB8EA800EEFC43 /* Utilities */,
				C9920EAB2AC31D0C006C5E1B /* crashcourseApp.swift */,
				C9920EB12AC31D0E006C5E1B /* Preview Content */,
			);
			path = crashcourse;
			sourceTree = "<group>";
		};
		C9920EB12AC31D0E006C5E1B /* Preview Content */ = {
			isa = PBXGroup;
			children = (
				C9920EB22AC31D0E006C5E1B /* Preview Assets.xcassets */,
			);
			path = "Preview Content";
			sourceTree = "<group>";
		};
		C9920EBB2AC31D0E006C5E1B /* crashcourseTests */ = {
			isa = PBXGroup;
			children = (
				C9920EBC2AC31D0E006C5E1B /* crashcourseTests.swift */,
			);
			path = crashcourseTests;
			sourceTree = "<group>";
		};
		C9920EC52AC31D0E006C5E1B /* crashcourseUITests */ = {
			isa = PBXGroup;
			children = (
				C9920EC62AC31D0E006C5E1B /* crashcourseUITests.swift */,
				C9920EC82AC31D0E006C5E1B /* crashcourseUITestsLaunchTests.swift */,
			);
			path = crashcourseUITests;
			sourceTree = "<group>";
		};
		C9B9768A2BFF5D6E009DAC86 /* CoinDetail */ = {
			isa = PBXGroup;
			children = (
				C9B9768C2BFF5DBB009DAC86 /* Views */,
				C9B9768B2BFF5DB2009DAC86 /* ViewModels */,
			);
			path = CoinDetail;
			sourceTree = "<group>";
		};
		C9B9768B2BFF5DB2009DAC86 /* ViewModels */ = {
			isa = PBXGroup;
			children = (
				C9B9768F2BFF68CB009DAC86 /* CoinDetailViewModel.swift */,
			);
			path = ViewModels;
			sourceTree = "<group>";
		};
		C9B9768C2BFF5DBB009DAC86 /* Views */ = {
			isa = PBXGroup;
			children = (
				C9B9768D2BFF5DD6009DAC86 /* CoinDetailView.swift */,
			);
			path = Views;
			sourceTree = "<group>";
		};
		C9D450DE2C00842B00E1ECB5 /* Settings */ = {
			isa = PBXGroup;
			children = (
				C9D450DF2C00843400E1ECB5 /* SettingsView.swift */,
			);
			path = Settings;
			sourceTree = "<group>";
		};
/* End PBXGroup section */

/* Begin PBXNativeTarget section */
		C9920EA72AC31D0C006C5E1B /* crashcourse */ = {
			isa = PBXNativeTarget;
			buildConfigurationList = C9920ECC2AC31D0E006C5E1B /* Build configuration list for PBXNativeTarget "crashcourse" */;
			buildPhases = (
				C9920EA42AC31D0C006C5E1B /* Sources */,
				C9920EA52AC31D0C006C5E1B /* Frameworks */,
				C9920EA62AC31D0C006C5E1B /* Resources */,
			);
			buildRules = (
			);
			dependencies = (
			);
			name = crashcourse;
			productName = crashcourse;
			productReference = C9920EA82AC31D0C006C5E1B /* crashcourse.app */;
			productType = "com.apple.product-type.application";
		};
		C9920EB72AC31D0E006C5E1B /* crashcourseTests */ = {
			isa = PBXNativeTarget;
			buildConfigurationList = C9920ECF2AC31D0E006C5E1B /* Build configuration list for PBXNativeTarget "crashcourseTests" */;
			buildPhases = (
				C9920EB42AC31D0E006C5E1B /* Sources */,
				C9920EB52AC31D0E006C5E1B /* Frameworks */,
				C9920EB62AC31D0E006C5E1B /* Resources */,
			);
			buildRules = (
			);
			dependencies = (
				C9920EBA2AC31D0E006C5E1B /* PBXTargetDependency */,
			);
			name = crashcourseTests;
			productName = crashcourseTests;
			productReference = C9920EB82AC31D0E006C5E1B /* crashcourseTests.xctest */;
			productType = "com.apple.product-type.bundle.unit-test";
		};
		C9920EC12AC31D0E006C5E1B /* crashcourseUITests */ = {
			isa = PBXNativeTarget;
			buildConfigurationList = C9920ED22AC31D0E006C5E1B /* Build configuration list for PBXNativeTarget "crashcourseUITests" */;
			buildPhases = (
				C9920EBE2AC31D0E006C5E1B /* Sources */,
				C9920EBF2AC31D0E006C5E1B /* Frameworks */,
				C9920EC02AC31D0E006C5E1B /* Resources */,
			);
			buildRules = (
			);
			dependencies = (
				C9920EC42AC31D0E006C5E1B /* PBXTargetDependency */,
			);
			name = crashcourseUITests;
			productName = crashcourseUITests;
			productReference = C9920EC22AC31D0E006C5E1B /* crashcourseUITests.xctest */;
			productType = "com.apple.product-type.bundle.ui-testing";
		};
/* End PBXNativeTarget section */

/* Begin PBXProject section */
		C9920EA02AC31D0C006C5E1B /* Project object */ = {
			isa = PBXProject;
			attributes = {
				BuildIndependentTargetsInParallel = 1;
				LastSwiftUpdateCheck = 1420;
				LastUpgradeCheck = 1420;
				TargetAttributes = {
					C9920EA72AC31D0C006C5E1B = {
						CreatedOnToolsVersion = 14.2;
					};
					C9920EB72AC31D0E006C5E1B = {
						CreatedOnToolsVersion = 14.2;
						TestTargetID = C9920EA72AC31D0C006C5E1B;
					};
					C9920EC12AC31D0E006C5E1B = {
						CreatedOnToolsVersion = 14.2;
						TestTargetID = C9920EA72AC31D0C006C5E1B;
					};
				};
			};
			buildConfigurationList = C9920EA32AC31D0C006C5E1B /* Build configuration list for PBXProject "crashcourse" */;
			compatibilityVersion = "Xcode 14.0";
			developmentRegion = en;
			hasScannedForEncodings = 0;
			knownRegions = (
				en,
				Base,
			);
			mainGroup = C9920E9F2AC31D0C006C5E1B;
			productRefGroup = C9920EA92AC31D0C006C5E1B /* Products */;
			projectDirPath = "";
			projectRoot = "";
			targets = (
				C9920EA72AC31D0C006C5E1B /* crashcourse */,
				C9920EB72AC31D0E006C5E1B /* crashcourseTests */,
				C9920EC12AC31D0E006C5E1B /* crashcourseUITests */,
			);
		};
/* End PBXProject section */

/* Begin PBXResourcesBuildPhase section */
		C9920EA62AC31D0C006C5E1B /* Resources */ = {
			isa = PBXResourcesBuildPhase;
			buildActionMask = 2147483647;
			files = (
				C95663DE2BE5558A004BE610 /* Assets.xcassets in Resources */,
				C9920EB32AC31D0E006C5E1B /* Preview Assets.xcassets in Resources */,
			);
			runOnlyForDeploymentPostprocessing = 0;
		};
		C9920EB62AC31D0E006C5E1B /* Resources */ = {
			isa = PBXResourcesBuildPhase;
			buildActionMask = 2147483647;
			files = (
			);
			runOnlyForDeploymentPostprocessing = 0;
		};
		C9920EC02AC31D0E006C5E1B /* Resources */ = {
			isa = PBXResourcesBuildPhase;
			buildActionMask = 2147483647;
			files = (
			);
			runOnlyForDeploymentPostprocessing = 0;
		};
/* End PBXResourcesBuildPhase section */

/* Begin PBXSourcesBuildPhase section */
		C9920EA42AC31D0C006C5E1B /* Sources */ = {
			isa = PBXSourcesBuildPhase;
			buildActionMask = 2147483647;
			files = (
				C95663E12BE58452004BE610 /* CoinDataService.swift in Sources */,
				C9E92C8A2BFD06A00064D3E3 /* StatisticView.swift in Sources */,
				C94CE5B62AD1C18900C460B5 /* CoinRowView.swift in Sources */,
				C98B5AF82BFFA90C00085867 /* String.swift in Sources */,
				C9A360DE2B09526A0095359A /* HomeViewModel.swift in Sources */,
				C98B5AFA2BFFB60500085867 /* CoinDetailDataService.swift in Sources */,
				C9E92C922BFD12C80064D3E3 /* QuoteModel.swift in Sources */,
				C9E92C902BFD12660064D3E3 /* StatisticsService.swift in Sources */,
				C9E92C8E2BFD0A5D0064D3E3 /* HomeStatsView.swift in Sources */,
				C94CE5AC2AD0B20600C460B5 /* CircleButton.swift in Sources */,
				C9B9768E2BFF5DD6009DAC86 /* CoinDetailView.swift in Sources */,
				C94CE5A92AD0AFA100C460B5 /* HomeView.swift in Sources */,
				C98B5AFC2BFFB62700085867 /* CoinDetailModel.swift in Sources */,
				C9920EAC2AC31D0C006C5E1B /* crashcourseApp.swift in Sources */,
				C9B976892BFF16E5009DAC86 /* HapticManager.swift in Sources */,
				C9B976852BFE555D009DAC86 /* PortfolioContainer.xcdatamodeld in Sources */,
				C94CE5AF2AD0B78500C460B5 /* CircleButtonAnimation.swift in Sources */,
				C9ECA0502BFD33CC00F09BB6 /* PortfolioView.swift in Sources */,
				C9B02E962BFCA173001C7A33 /* SearchBarView.swift in Sources */,
				C9E92C862BFCF8D80064D3E3 /* UIApplication.swift in Sources */,
				C92E57DA2BEBA7EE00EEFC43 /* NetworkingManager.swift in Sources */,
				C9E92C882BFD05DF0064D3E3 /* StatisticModel.swift in Sources */,
				C9B976872BFE5604009DAC86 /* PortfolioDataService.swift in Sources */,
				C9B976902BFF68CB009DAC86 /* CoinDetailViewModel.swift in Sources */,
				C94CE5A12AD0A8AC00C460B5 /* Color.swift in Sources */,
				C94CE5B82AD1C23400C460B5 /* PreviewProvider.swift in Sources */,
				C9D450DD2C007CBC00E1ECB5 /* CoinLogoView.swift in Sources */,
				C9ECA0522BFD350E00F09BB6 /* CloseButton.swift in Sources */,
				C94CE5BA2AD1C5F500C460B5 /* Double.swift in Sources */,
				C9D450E02C00843400E1ECB5 /* SettingsView.swift in Sources */,
				C94CE5B42AD1A0F500C460B5 /* CoinModel.swift in Sources */,
			);
			runOnlyForDeploymentPostprocessing = 0;
		};
		C9920EB42AC31D0E006C5E1B /* Sources */ = {
			isa = PBXSourcesBuildPhase;
			buildActionMask = 2147483647;
			files = (
				C9920EBD2AC31D0E006C5E1B /* crashcourseTests.swift in Sources */,
			);
			runOnlyForDeploymentPostprocessing = 0;
		};
		C9920EBE2AC31D0E006C5E1B /* Sources */ = {
			isa = PBXSourcesBuildPhase;
			buildActionMask = 2147483647;
			files = (
				C9920EC72AC31D0E006C5E1B /* crashcourseUITests.swift in Sources */,
				C9920EC92AC31D0E006C5E1B /* crashcourseUITestsLaunchTests.swift in Sources */,
			);
			runOnlyForDeploymentPostprocessing = 0;
		};
/* End PBXSourcesBuildPhase section */

/* Begin PBXTargetDependency section */
		C9920EBA2AC31D0E006C5E1B /* PBXTargetDependency */ = {
			isa = PBXTargetDependency;
			target = C9920EA72AC31D0C006C5E1B /* crashcourse */;
			targetProxy = C9920EB92AC31D0E006C5E1B /* PBXContainerItemProxy */;
		};
		C9920EC42AC31D0E006C5E1B /* PBXTargetDependency */ = {
			isa = PBXTargetDependency;
			target = C9920EA72AC31D0C006C5E1B /* crashcourse */;
			targetProxy = C9920EC32AC31D0E006C5E1B /* PBXContainerItemProxy */;
		};
/* End PBXTargetDependency section */

/* Begin XCBuildConfiguration section */
		C9920ECA2AC31D0E006C5E1B /* Debug */ = {
			isa = XCBuildConfiguration;
			buildSettings = {
				ALWAYS_SEARCH_USER_PATHS = NO;
				CLANG_ANALYZER_NONNULL = YES;
				CLANG_ANALYZER_NUMBER_OBJECT_CONVERSION = YES_AGGRESSIVE;
				CLANG_CXX_LANGUAGE_STANDARD = "gnu++20";
				CLANG_ENABLE_MODULES = YES;
				CLANG_ENABLE_OBJC_ARC = YES;
				CLANG_ENABLE_OBJC_WEAK = YES;
				CLANG_WARN_BLOCK_CAPTURE_AUTORELEASING = YES;
				CLANG_WARN_BOOL_CONVERSION = YES;
				CLANG_WARN_COMMA = YES;
				CLANG_WARN_CONSTANT_CONVERSION = YES;
				CLANG_WARN_DEPRECATED_OBJC_IMPLEMENTATIONS = YES;
				CLANG_WARN_DIRECT_OBJC_ISA_USAGE = YES_ERROR;
				CLANG_WARN_DOCUMENTATION_COMMENTS = YES;
				CLANG_WARN_EMPTY_BODY = YES;
				CLANG_WARN_ENUM_CONVERSION = YES;
				CLANG_WARN_INFINITE_RECURSION = YES;
				CLANG_WARN_INT_CONVERSION = YES;
				CLANG_WARN_NON_LITERAL_NULL_CONVERSION = YES;
				CLANG_WARN_OBJC_IMPLICIT_RETAIN_SELF = YES;
				CLANG_WARN_OBJC_LITERAL_CONVERSION = YES;
				CLANG_WARN_OBJC_ROOT_CLASS = YES_ERROR;
				CLANG_WARN_QUOTED_INCLUDE_IN_FRAMEWORK_HEADER = YES;
				CLANG_WARN_RANGE_LOOP_ANALYSIS = YES;
				CLANG_WARN_STRICT_PROTOTYPES = YES;
				CLANG_WARN_SUSPICIOUS_MOVE = YES;
				CLANG_WARN_UNGUARDED_AVAILABILITY = YES_AGGRESSIVE;
				CLANG_WARN_UNREACHABLE_CODE = YES;
				CLANG_WARN__DUPLICATE_METHOD_MATCH = YES;
				COPY_PHASE_STRIP = NO;
				DEBUG_INFORMATION_FORMAT = dwarf;
				ENABLE_STRICT_OBJC_MSGSEND = YES;
				ENABLE_TESTABILITY = YES;
				GCC_C_LANGUAGE_STANDARD = gnu11;
				GCC_DYNAMIC_NO_PIC = NO;
				GCC_NO_COMMON_BLOCKS = YES;
				GCC_OPTIMIZATION_LEVEL = 0;
				GCC_PREPROCESSOR_DEFINITIONS = (
					"DEBUG=1",
					"$(inherited)",
				);
				GCC_WARN_64_TO_32_BIT_CONVERSION = YES;
				GCC_WARN_ABOUT_RETURN_TYPE = YES_ERROR;
				GCC_WARN_UNDECLARED_SELECTOR = YES;
				GCC_WARN_UNINITIALIZED_AUTOS = YES_AGGRESSIVE;
				GCC_WARN_UNUSED_FUNCTION = YES;
				GCC_WARN_UNUSED_VARIABLE = YES;
				IPHONEOS_DEPLOYMENT_TARGET = 16.2;
				MTL_ENABLE_DEBUG_INFO = INCLUDE_SOURCE;
				MTL_FAST_MATH = YES;
				ONLY_ACTIVE_ARCH = YES;
				SDKROOT = iphoneos;
				SWIFT_ACTIVE_COMPILATION_CONDITIONS = DEBUG;
				SWIFT_OPTIMIZATION_LEVEL = "-Onone";
			};
			name = Debug;
		};
		C9920ECB2AC31D0E006C5E1B /* Release */ = {
			isa = XCBuildConfiguration;
			buildSettings = {
				ALWAYS_SEARCH_USER_PATHS = NO;
				CLANG_ANALYZER_NONNULL = YES;
				CLANG_ANALYZER_NUMBER_OBJECT_CONVERSION = YES_AGGRESSIVE;
				CLANG_CXX_LANGUAGE_STANDARD = "gnu++20";
				CLANG_ENABLE_MODULES = YES;
				CLANG_ENABLE_OBJC_ARC = YES;
				CLANG_ENABLE_OBJC_WEAK = YES;
				CLANG_WARN_BLOCK_CAPTURE_AUTORELEASING = YES;
				CLANG_WARN_BOOL_CONVERSION = YES;
				CLANG_WARN_COMMA = YES;
				CLANG_WARN_CONSTANT_CONVERSION = YES;
				CLANG_WARN_DEPRECATED_OBJC_IMPLEMENTATIONS = YES;
				CLANG_WARN_DIRECT_OBJC_ISA_USAGE = YES_ERROR;
				CLANG_WARN_DOCUMENTATION_COMMENTS = YES;
				CLANG_WARN_EMPTY_BODY = YES;
				CLANG_WARN_ENUM_CONVERSION = YES;
				CLANG_WARN_INFINITE_RECURSION = YES;
				CLANG_WARN_INT_CONVERSION = YES;
				CLANG_WARN_NON_LITERAL_NULL_CONVERSION = YES;
				CLANG_WARN_OBJC_IMPLICIT_RETAIN_SELF = YES;
				CLANG_WARN_OBJC_LITERAL_CONVERSION = YES;
				CLANG_WARN_OBJC_ROOT_CLASS = YES_ERROR;
				CLANG_WARN_QUOTED_INCLUDE_IN_FRAMEWORK_HEADER = YES;
				CLANG_WARN_RANGE_LOOP_ANALYSIS = YES;
				CLANG_WARN_STRICT_PROTOTYPES = YES;
				CLANG_WARN_SUSPICIOUS_MOVE = YES;
				CLANG_WARN_UNGUARDED_AVAILABILITY = YES_AGGRESSIVE;
				CLANG_WARN_UNREACHABLE_CODE = YES;
				CLANG_WARN__DUPLICATE_METHOD_MATCH = YES;
				COPY_PHASE_STRIP = NO;
				DEBUG_INFORMATION_FORMAT = "dwarf-with-dsym";
				ENABLE_NS_ASSERTIONS = NO;
				ENABLE_STRICT_OBJC_MSGSEND = YES;
				GCC_C_LANGUAGE_STANDARD = gnu11;
				GCC_NO_COMMON_BLOCKS = YES;
				GCC_WARN_64_TO_32_BIT_CONVERSION = YES;
				GCC_WARN_ABOUT_RETURN_TYPE = YES_ERROR;
				GCC_WARN_UNDECLARED_SELECTOR = YES;
				GCC_WARN_UNINITIALIZED_AUTOS = YES_AGGRESSIVE;
				GCC_WARN_UNUSED_FUNCTION = YES;
				GCC_WARN_UNUSED_VARIABLE = YES;
				IPHONEOS_DEPLOYMENT_TARGET = 16.2;
				MTL_ENABLE_DEBUG_INFO = NO;
				MTL_FAST_MATH = YES;
				SDKROOT = iphoneos;
				SWIFT_COMPILATION_MODE = wholemodule;
				SWIFT_OPTIMIZATION_LEVEL = "-O";
				VALIDATE_PRODUCT = YES;
			};
			name = Release;
		};
		C9920ECD2AC31D0E006C5E1B /* Debug */ = {
			isa = XCBuildConfiguration;
			buildSettings = {
				ASSETCATALOG_COMPILER_APPICON_NAME = AppIcon;
				ASSETCATALOG_COMPILER_GLOBAL_ACCENT_COLOR_NAME = AccentColor;
				CODE_SIGN_STYLE = Automatic;
				CURRENT_PROJECT_VERSION = 1;
				DEVELOPMENT_ASSET_PATHS = "\"crashcourse/Preview Content\"";
				DEVELOPMENT_TEAM = ZLVCBF66U4;
				ENABLE_PREVIEWS = YES;
				GENERATE_INFOPLIST_FILE = YES;
				INFOPLIST_KEY_CFBundleDisplayName = "App Name";
				INFOPLIST_KEY_UIApplicationSceneManifest_Generation = YES;
				INFOPLIST_KEY_UIApplicationSupportsIndirectInputEvents = YES;
				INFOPLIST_KEY_UILaunchScreen_Generation = YES;
				INFOPLIST_KEY_UISupportedInterfaceOrientations = UIInterfaceOrientationPortrait;
				INFOPLIST_KEY_UISupportedInterfaceOrientations_iPad = "UIInterfaceOrientationPortrait UIInterfaceOrientationPortraitUpsideDown";
				LD_RUNPATH_SEARCH_PATHS = (
					"$(inherited)",
					"@executable_path/Frameworks",
				);
				MARKETING_VERSION = 1.0;
				PRODUCT_BUNDLE_IDENTIFIER = com.egemenongel.crashcourse;
				PRODUCT_NAME = "$(TARGET_NAME)";
				SWIFT_EMIT_LOC_STRINGS = YES;
				SWIFT_VERSION = 5.0;
				TARGETED_DEVICE_FAMILY = "1,2";
			};
			name = Debug;
		};
		C9920ECE2AC31D0E006C5E1B /* Release */ = {
			isa = XCBuildConfiguration;
			buildSettings = {
				ASSETCATALOG_COMPILER_APPICON_NAME = AppIcon;
				ASSETCATALOG_COMPILER_GLOBAL_ACCENT_COLOR_NAME = AccentColor;
				CODE_SIGN_STYLE = Automatic;
				CURRENT_PROJECT_VERSION = 1;
				DEVELOPMENT_ASSET_PATHS = "\"crashcourse/Preview Content\"";
				DEVELOPMENT_TEAM = ZLVCBF66U4;
				ENABLE_PREVIEWS = YES;
				GENERATE_INFOPLIST_FILE = YES;
				INFOPLIST_KEY_CFBundleDisplayName = "App Name";
				INFOPLIST_KEY_UIApplicationSceneManifest_Generation = YES;
				INFOPLIST_KEY_UIApplicationSupportsIndirectInputEvents = YES;
				INFOPLIST_KEY_UILaunchScreen_Generation = YES;
				INFOPLIST_KEY_UISupportedInterfaceOrientations = UIInterfaceOrientationPortrait;
				INFOPLIST_KEY_UISupportedInterfaceOrientations_iPad = "UIInterfaceOrientationPortrait UIInterfaceOrientationPortraitUpsideDown";
				LD_RUNPATH_SEARCH_PATHS = (
					"$(inherited)",
					"@executable_path/Frameworks",
				);
				MARKETING_VERSION = 1.0;
				PRODUCT_BUNDLE_IDENTIFIER = com.egemenongel.crashcourse;
				PRODUCT_NAME = "$(TARGET_NAME)";
				SWIFT_EMIT_LOC_STRINGS = YES;
				SWIFT_VERSION = 5.0;
				TARGETED_DEVICE_FAMILY = "1,2";
			};
			name = Release;
		};
		C9920ED02AC31D0E006C5E1B /* Debug */ = {
			isa = XCBuildConfiguration;
			buildSettings = {
				ALWAYS_EMBED_SWIFT_STANDARD_LIBRARIES = YES;
				BUNDLE_LOADER = "$(TEST_HOST)";
				CODE_SIGN_STYLE = Automatic;
				CURRENT_PROJECT_VERSION = 1;
				DEVELOPMENT_TEAM = ZLVCBF66U4;
				GENERATE_INFOPLIST_FILE = YES;
				IPHONEOS_DEPLOYMENT_TARGET = 16.2;
				MARKETING_VERSION = 1.0;
				PRODUCT_BUNDLE_IDENTIFIER = com.egemenongel.crashcourseTests;
				PRODUCT_NAME = "$(TARGET_NAME)";
				SWIFT_EMIT_LOC_STRINGS = NO;
				SWIFT_VERSION = 5.0;
				TARGETED_DEVICE_FAMILY = "1,2";
				TEST_HOST = "$(BUILT_PRODUCTS_DIR)/crashcourse.app/$(BUNDLE_EXECUTABLE_FOLDER_PATH)/crashcourse";
			};
			name = Debug;
		};
		C9920ED12AC31D0E006C5E1B /* Release */ = {
			isa = XCBuildConfiguration;
			buildSettings = {
				ALWAYS_EMBED_SWIFT_STANDARD_LIBRARIES = YES;
				BUNDLE_LOADER = "$(TEST_HOST)";
				CODE_SIGN_STYLE = Automatic;
				CURRENT_PROJECT_VERSION = 1;
				DEVELOPMENT_TEAM = ZLVCBF66U4;
				GENERATE_INFOPLIST_FILE = YES;
				IPHONEOS_DEPLOYMENT_TARGET = 16.2;
				MARKETING_VERSION = 1.0;
				PRODUCT_BUNDLE_IDENTIFIER = com.egemenongel.crashcourseTests;
				PRODUCT_NAME = "$(TARGET_NAME)";
				SWIFT_EMIT_LOC_STRINGS = NO;
				SWIFT_VERSION = 5.0;
				TARGETED_DEVICE_FAMILY = "1,2";
				TEST_HOST = "$(BUILT_PRODUCTS_DIR)/crashcourse.app/$(BUNDLE_EXECUTABLE_FOLDER_PATH)/crashcourse";
			};
			name = Release;
		};
		C9920ED32AC31D0E006C5E1B /* Debug */ = {
			isa = XCBuildConfiguration;
			buildSettings = {
				ALWAYS_EMBED_SWIFT_STANDARD_LIBRARIES = YES;
				CODE_SIGN_STYLE = Automatic;
				CURRENT_PROJECT_VERSION = 1;
				DEVELOPMENT_TEAM = ZLVCBF66U4;
				GENERATE_INFOPLIST_FILE = YES;
				MARKETING_VERSION = 1.0;
				PRODUCT_BUNDLE_IDENTIFIER = com.egemenongel.crashcourseUITests;
				PRODUCT_NAME = "$(TARGET_NAME)";
				SWIFT_EMIT_LOC_STRINGS = NO;
				SWIFT_VERSION = 5.0;
				TARGETED_DEVICE_FAMILY = "1,2";
				TEST_TARGET_NAME = crashcourse;
			};
			name = Debug;
		};
		C9920ED42AC31D0E006C5E1B /* Release */ = {
			isa = XCBuildConfiguration;
			buildSettings = {
				ALWAYS_EMBED_SWIFT_STANDARD_LIBRARIES = YES;
				CODE_SIGN_STYLE = Automatic;
				CURRENT_PROJECT_VERSION = 1;
				DEVELOPMENT_TEAM = ZLVCBF66U4;
				GENERATE_INFOPLIST_FILE = YES;
				MARKETING_VERSION = 1.0;
				PRODUCT_BUNDLE_IDENTIFIER = com.egemenongel.crashcourseUITests;
				PRODUCT_NAME = "$(TARGET_NAME)";
				SWIFT_EMIT_LOC_STRINGS = NO;
				SWIFT_VERSION = 5.0;
				TARGETED_DEVICE_FAMILY = "1,2";
				TEST_TARGET_NAME = crashcourse;
			};
			name = Release;
		};
/* End XCBuildConfiguration section */

/* Begin XCConfigurationList section */
		C9920EA32AC31D0C006C5E1B /* Build configuration list for PBXProject "crashcourse" */ = {
			isa = XCConfigurationList;
			buildConfigurations = (
				C9920ECA2AC31D0E006C5E1B /* Debug */,
				C9920ECB2AC31D0E006C5E1B /* Release */,
			);
			defaultConfigurationIsVisible = 0;
			defaultConfigurationName = Release;
		};
		C9920ECC2AC31D0E006C5E1B /* Build configuration list for PBXNativeTarget "crashcourse" */ = {
			isa = XCConfigurationList;
			buildConfigurations = (
				C9920ECD2AC31D0E006C5E1B /* Debug */,
				C9920ECE2AC31D0E006C5E1B /* Release */,
			);
			defaultConfigurationIsVisible = 0;
			defaultConfigurationName = Release;
		};
		C9920ECF2AC31D0E006C5E1B /* Build configuration list for PBXNativeTarget "crashcourseTests" */ = {
			isa = XCConfigurationList;
			buildConfigurations = (
				C9920ED02AC31D0E006C5E1B /* Debug */,
				C9920ED12AC31D0E006C5E1B /* Release */,
			);
			defaultConfigurationIsVisible = 0;
			defaultConfigurationName = Release;
		};
		C9920ED22AC31D0E006C5E1B /* Build configuration list for PBXNativeTarget "crashcourseUITests" */ = {
			isa = XCConfigurationList;
			buildConfigurations = (
				C9920ED32AC31D0E006C5E1B /* Debug */,
				C9920ED42AC31D0E006C5E1B /* Release */,
			);
			defaultConfigurationIsVisible = 0;
			defaultConfigurationName = Release;
		};
/* End XCConfigurationList section */

/* Begin XCVersionGroup section */
		C9B976832BFE555D009DAC86 /* PortfolioContainer.xcdatamodeld */ = {
			isa = XCVersionGroup;
			children = (
				C9B976842BFE555D009DAC86 /* PortfolioContainer.xcdatamodel */,
			);
			currentVersion = C9B976842BFE555D009DAC86 /* PortfolioContainer.xcdatamodel */;
			name = PortfolioContainer.xcdatamodeld;
			path = /Users/egemenongel/Documents/Projects/Swift/crypto_app/crashcourse/Models/PortfolioContainer.xcdatamodeld;
			sourceTree = "<group>";
			versionGroupType = wrapper.xcdatamodel;
		};
/* End XCVersionGroup section */
	};
	rootObject = C9920EA02AC31D0C006C5E1B /* Project object */;
}
